{
  "name": "midi",
  "version": "1.0.0",
  "lockfileVersion": 1,
  "requires": true,
  "dependencies": {
    "@tonejs/midi": {
      "version": "2.0.0",
      "resolved": "https://registry.npmjs.org/@tonejs/midi/-/midi-2.0.0.tgz",
      "integrity": "sha512-I/6ErqMtccju7ZVkJPCsC1L4ARDP0H6tb5wy1KIsWQf2bp7sLBjxUIHp0ZV/1XXB5fZbA/XN2dfSaFg/Jl/Hww==",
      "requires": {
        "midi-file": "^1.1.1"
      }
    },
    "@types/node": {
      "version": "12.0.10",
      "resolved": "https://registry.npmjs.org/@types/node/-/node-12.0.10.tgz",
      "integrity": "sha512-LcsGbPomWsad6wmMNv7nBLw7YYYyfdYcz6xryKYQhx89c3XXan+8Q6AJ43G5XDIaklaVkK3mE4fCb0SBvMiPSQ==",
      "dev": true
    },
    "midi-file": {
      "version": "1.1.1",
      "resolved": "https://registry.npmjs.org/midi-file/-/midi-file-1.1.1.tgz",
      "integrity": "sha512-HI6Y/kc9g1Af0OqMkTzI2AeGgPJMONgQcd/13gBf8C9BcUh7wa/AnXR1Fgl8SIuO7GJmFhSIACEWcwiAz2E2Pg=="
    },
    "midi-parser-js": {
      "version": "4.0.3",
      "resolved": "https://registry.npmjs.org/midi-parser-js/-/midi-parser-js-4.0.3.tgz",
      "integrity": "sha512-wQZMDKAIhFoiwb2b89CBd4F5TRKT/fJcavRyUQy5nZFv2gyfIaELBmbYXotdvestipfA0Wlh+IlOtJ6s1g5s7w=="
    },
    "midi-writer-js": {
      "version": "1.7.1",
      "resolved": "https://registry.npmjs.org/midi-writer-js/-/midi-writer-js-1.7.1.tgz",
      "integrity": "sha512-/BbEZjNALrr695CflzjIsFD+B+LmNgLEn0UnmdGfrnbLiI95JOdP6DW1545ep0tiYeMvOaA/ZgxyyQBV9jOITQ==",
      "requires": {
        "tonal-midi": "^0.69.7"
      }
    },
    "note-parser": {
      "version": "2.0.1",
      "resolved": "https://registry.npmjs.org/note-parser/-/note-parser-2.0.1.tgz",
      "integrity": "sha1-JDj9V6RolLQCs6IHF5hmASnI+8E="
    },
    "tonal-midi": {
      "version": "0.69.7",
      "resolved": "https://registry.npmjs.org/tonal-midi/-/tonal-midi-0.69.7.tgz",
      "integrity": "sha1-51Tsk/Pb2yim051CRXwzrSRf+kc=",
      "requires": {
        "note-parser": "^2.0.1"
      }
    }
  }
}
